
Microsoft Visual Studio Solution File, Format Version 12.00
# Visual Studio Version 17
VisualStudioVersion = 17.14.36915.13 d17.14
MinimumVisualStudioVersion = 10.0.40219.1
Project("{FAE04EC0-301F-11D3-BF4B-00C04F79EFBC}") = "FlashCards.Web", "FlashCards.Web.csproj", "{EDEF4A5E-999B-4BAC-A2F7-33DF9A0A07FC}"
EndProject
Project("{FAE04EC0-301F-11D3-BF4B-00C04F79EFBC}") = "FlashCards.Core", "..\FlashCards.Core\FlashCards.Core.csproj", "{C756DE72-D0AB-429D-AF91-65622FBA4F62}"
EndProject
Project("{FAE04EC0-301F-11D3-BF4B-00C04F79EFBC}") = "FlashCards.Business", "..\FlashCards.Business\FlashCards.Business.csproj", "{8930C4BA-7EAA-4544-A3F6-66844D95655F}"
EndProject
Project("{FAE04EC0-301F-11D3-BF4B-00C04F79EFBC}") = "FlashCards.Data", "..\FlashCards.Data\FlashCards.Data.csproj", "{67F971B0-57C1-4E3A-A636-AF9742C25A2A}"
EndProject
Global
	GlobalSection(SolutionConfigurationPlatforms) = preSolution
		Debug|Any CPU = Debug|Any CPU
		Release|Any CPU = Release|Any CPU
	EndGlobalSection
	GlobalSection(ProjectConfigurationPlatforms) = postSolution
		{EDEF4A5E-999B-4BAC-A2F7-33DF9A0A07FC}.Debug|Any CPU.ActiveCfg = Debug|Any CPU
		{EDEF4A5E-999B-4BAC-A2F7-33DF9A0A07FC}.Debug|Any CPU.Build.0 = Debug|Any CPU
		{EDEF4A5E-999B-4BAC-A2F7-33DF9A0A07FC}.Release|Any CPU.ActiveCfg = Release|Any CPU
		{EDEF4A5E-999B-4BAC-A2F7-33DF9A0A07FC}.Release|Any CPU.Build.0 = Release|Any CPU
		{C756DE72-D0AB-429D-AF91-65622FBA4F62}.Debug|Any CPU.ActiveCfg = Debug|Any CPU
		{C756DE72-D0AB-429D-AF91-65622FBA4F62}.Debug|Any CPU.Build.0 = Debug|Any CPU
		{C756DE72-D0AB-429D-AF91-65622FBA4F62}.Release|Any CPU.ActiveCfg = Release|Any CPU
		{C756DE72-D0AB-429D-AF91-65622FBA4F62}.Release|Any CPU.Build.0 = Release|Any CPU
		{8930C4BA-7EAA-4544-A3F6-66844D95655F}.Debug|Any CPU.ActiveCfg = Debug|Any CPU
		{8930C4BA-7EAA-4544-A3F6-66844D95655F}.Debug|Any CPU.Build.0 = Debug|Any CPU
		{8930C4BA-7EAA-4544-A3F6-66844D95655F}.Release|Any CPU.ActiveCfg = Release|Any CPU
		{8930C4BA-7EAA-4544-A3F6-66844D95655F}.Release|Any CPU.Build.0 = Release|Any CPU
		{67F971B0-57C1-4E3A-A636-AF9742C25A2A}.Debug|Any CPU.ActiveCfg = Debug|Any CPU
		{67F971B0-57C1-4E3A-A636-AF9742C25A2A}.Debug|Any CPU.Build.0 = Debug|Any CPU
		{67F971B0-57C1-4E3A-A636-AF9742C25A2A}.Release|Any CPU.ActiveCfg = Release|Any CPU
		{67F971B0-57C1-4E3A-A636-AF9742C25A2A}.Release|Any CPU.Build.0 = Release|Any CPU
	EndGlobalSection
	GlobalSection(SolutionProperties) = preSolution
		HideSolutionNode = FALSE
	EndGlobalSection
	GlobalSection(ExtensibilityGlobals) = postSolution
		SolutionGuid = {F626909B-5871-4433-B25D-152C53948E2B}
	EndGlobalSection
EndGlobal
